# This file is automatically @generated by Cargo.
# It is not intended for manual editing.
version = 4

[[package]]
name = "agent"
version = "0.1.0"

[[package]]
name = "api"
version = "0.1.0"

[[package]]
name = "barectl"
version = "0.1.0"

[[package]]
name = "cni"
version = "0.1.0"

[[package]]
name = "scheduler"
version = "0.1.0"
